
Microsoft Visual Studio Solution File, Format Version 12.00
# Visual Studio Version 17
VisualStudioVersion = 17.8.34330.188
MinimumVisualStudioVersion = 10.0.40219.1
Project("{FAE04EC0-301F-11D3-BF4B-00C04F79EFBC}") = "WindowsFormsApp2", "WindowsFormsApp2\WindowsFormsApp2.csproj", "{127DB755-8B99-4222-83BC-7C11A8E8A297}"
EndProject
Global
	GlobalSection(SolutionConfigurationPlatforms) = preSolution
		Debug|Any CPU = Debug|Any CPU
		Release|Any CPU = Release|Any CPU
	EndGlobalSection
	GlobalSection(ProjectConfigurationPlatforms) = postSolution
		{127DB755-8B99-4222-83BC-7C11A8E8A297}.Debug|Any CPU.ActiveCfg = Debug|Any CPU
		{127DB755-8B99-4222-83BC-7C11A8E8A297}.Debug|Any CPU.Build.0 = Debug|Any CPU
		{127DB755-8B99-4222-83BC-7C11A8E8A297}.Release|Any CPU.ActiveCfg = Release|Any CPU
		{127DB755-8B99-4222-83BC-7C11A8E8A297}.Release|Any CPU.Build.0 = Release|Any CPU
	EndGlobalSection
	GlobalSection(SolutionProperties) = preSolution
		HideSolutionNode = FALSE
	EndGlobalSection
	GlobalSection(ExtensibilityGlobals) = postSolution
		SolutionGuid = {2E8E96E5-BBF6-4778-A0D2-CD17FB4FBC98}
	EndGlobalSection
EndGlobal
